
Microsoft Visual Studio Solution File, Format Version 12.00
# Visual Studio Version 16
VisualStudioVersion = 16.0.29209.62
MinimumVisualStudioVersion = 10.0.40219.1
Project("{9A19103F-16F7-4668-BE54-9A1E7A4F7556}") = "HackerNews", "HackerNews\HackerNews.csproj", "{E9ACCA9B-2F44-4A4D-88B2-1955FE554DA9}"
EndProject
Project("{FAE04EC0-301F-11D3-BF4B-00C04F79EFBC}") = "HackerNewsUnitTest", "HackerNewsUnitTest\HackerNewsUnitTest.csproj", "{A9091326-D4BB-4A59-B5FC-76EB4DA09CDD}"
EndProject
Global
	GlobalSection(SolutionConfigurationPlatforms) = preSolution
		Debug|Any CPU = Debug|Any CPU
		Release|Any CPU = Release|Any CPU
	EndGlobalSection
	GlobalSection(ProjectConfigurationPlatforms) = postSolution
		{E9ACCA9B-2F44-4A4D-88B2-1955FE554DA9}.Debug|Any CPU.ActiveCfg = Debug|Any CPU
		{E9ACCA9B-2F44-4A4D-88B2-1955FE554DA9}.Debug|Any CPU.Build.0 = Debug|Any CPU
		{E9ACCA9B-2F44-4A4D-88B2-1955FE554DA9}.Release|Any CPU.ActiveCfg = Release|Any CPU
		{E9ACCA9B-2F44-4A4D-88B2-1955FE554DA9}.Release|Any CPU.Build.0 = Release|Any CPU
		{A9091326-D4BB-4A59-B5FC-76EB4DA09CDD}.Debug|Any CPU.ActiveCfg = Debug|Any CPU
		{A9091326-D4BB-4A59-B5FC-76EB4DA09CDD}.Debug|Any CPU.Build.0 = Debug|Any CPU
		{A9091326-D4BB-4A59-B5FC-76EB4DA09CDD}.Release|Any CPU.ActiveCfg = Release|Any CPU
		{A9091326-D4BB-4A59-B5FC-76EB4DA09CDD}.Release|Any CPU.Build.0 = Release|Any CPU
	EndGlobalSection
	GlobalSection(SolutionProperties) = preSolution
		HideSolutionNode = FALSE
	EndGlobalSection
	GlobalSection(ExtensibilityGlobals) = postSolution
		SolutionGuid = {5F188D11-663E-42E9-A952-64B2BFF0DA90}
	EndGlobalSection
EndGlobal
